
Microsoft Visual Studio Solution File, Format Version 12.00
# Visual Studio Version 17
VisualStudioVersion = 17.8.34212.112
MinimumVisualStudioVersion = 10.0.40219.1
Project("{9A19103F-16F7-4668-BE54-9A1E7A4F7556}") = "UserManagementPortal.Server", "UserManagementPortal.Server\UserManagementPortal.Server.csproj", "{543021A2-EC23-459B-ABF5-3C347E83B19F}"
EndProject
Project("{54A90642-561A-4BB1-A94E-469ADEE60C69}") = "usermanagementportal.client", "usermanagementportal.client\usermanagementportal.client.esproj", "{EFD5D0D9-EFDE-4B85-B2B4-C629801BAA71}"
EndProject
Project("{FAE04EC0-301F-11D3-BF4B-00C04F79EFBC}") = "UserManagement.Models", "UserManagement.Models\UserManagement.Models.csproj", "{8470415A-FF15-45E6-8748-3D63FAD5E924}"
EndProject
Project("{FAE04EC0-301F-11D3-BF4B-00C04F79EFBC}") = "UserManagement.Grpc.Schema", "UserManagement.Grpc.Schema\UserManagement.Grpc.Schema.csproj", "{F2FCE111-D8AA-4A52-9C7A-94AF0DC10A97}"
EndProject
Project("{FAE04EC0-301F-11D3-BF4B-00C04F79EFBC}") = "UserManagement.Grpc.Service", "UserManagement.Grpc.Service\UserManagement.Grpc.Service.csproj", "{023FF33B-40BD-4D94-9ADD-B10353A4CC77}"
EndProject
Project("{FAE04EC0-301F-11D3-BF4B-00C04F79EFBC}") = "UserManagement.GrpcMapping", "UserManagement.GrpcMapping\UserManagement.GrpcMapping.csproj", "{10001251-6008-408A-A564-F882408E8BF6}"
EndProject
Global
	GlobalSection(SolutionConfigurationPlatforms) = preSolution
		Debug|Any CPU = Debug|Any CPU
		Release|Any CPU = Release|Any CPU
	EndGlobalSection
	GlobalSection(ProjectConfigurationPlatforms) = postSolution
		{543021A2-EC23-459B-ABF5-3C347E83B19F}.Debug|Any CPU.ActiveCfg = Debug|Any CPU
		{543021A2-EC23-459B-ABF5-3C347E83B19F}.Debug|Any CPU.Build.0 = Debug|Any CPU
		{543021A2-EC23-459B-ABF5-3C347E83B19F}.Release|Any CPU.ActiveCfg = Release|Any CPU
		{543021A2-EC23-459B-ABF5-3C347E83B19F}.Release|Any CPU.Build.0 = Release|Any CPU
		{EFD5D0D9-EFDE-4B85-B2B4-C629801BAA71}.Debug|Any CPU.ActiveCfg = Debug|Any CPU
		{EFD5D0D9-EFDE-4B85-B2B4-C629801BAA71}.Debug|Any CPU.Build.0 = Debug|Any CPU
		{EFD5D0D9-EFDE-4B85-B2B4-C629801BAA71}.Debug|Any CPU.Deploy.0 = Debug|Any CPU
		{EFD5D0D9-EFDE-4B85-B2B4-C629801BAA71}.Release|Any CPU.ActiveCfg = Release|Any CPU
		{EFD5D0D9-EFDE-4B85-B2B4-C629801BAA71}.Release|Any CPU.Build.0 = Release|Any CPU
		{EFD5D0D9-EFDE-4B85-B2B4-C629801BAA71}.Release|Any CPU.Deploy.0 = Release|Any CPU
		{8470415A-FF15-45E6-8748-3D63FAD5E924}.Debug|Any CPU.ActiveCfg = Debug|Any CPU
		{8470415A-FF15-45E6-8748-3D63FAD5E924}.Debug|Any CPU.Build.0 = Debug|Any CPU
		{8470415A-FF15-45E6-8748-3D63FAD5E924}.Release|Any CPU.ActiveCfg = Release|Any CPU
		{8470415A-FF15-45E6-8748-3D63FAD5E924}.Release|Any CPU.Build.0 = Release|Any CPU
		{F2FCE111-D8AA-4A52-9C7A-94AF0DC10A97}.Debug|Any CPU.ActiveCfg = Debug|Any CPU
		{F2FCE111-D8AA-4A52-9C7A-94AF0DC10A97}.Debug|Any CPU.Build.0 = Debug|Any CPU
		{F2FCE111-D8AA-4A52-9C7A-94AF0DC10A97}.Release|Any CPU.ActiveCfg = Release|Any CPU
		{F2FCE111-D8AA-4A52-9C7A-94AF0DC10A97}.Release|Any CPU.Build.0 = Release|Any CPU
		{023FF33B-40BD-4D94-9ADD-B10353A4CC77}.Debug|Any CPU.ActiveCfg = Debug|Any CPU
		{023FF33B-40BD-4D94-9ADD-B10353A4CC77}.Debug|Any CPU.Build.0 = Debug|Any CPU
		{023FF33B-40BD-4D94-9ADD-B10353A4CC77}.Release|Any CPU.ActiveCfg = Release|Any CPU
		{023FF33B-40BD-4D94-9ADD-B10353A4CC77}.Release|Any CPU.Build.0 = Release|Any CPU
		{10001251-6008-408A-A564-F882408E8BF6}.Debug|Any CPU.ActiveCfg = Debug|Any CPU
		{10001251-6008-408A-A564-F882408E8BF6}.Debug|Any CPU.Build.0 = Debug|Any CPU
		{10001251-6008-408A-A564-F882408E8BF6}.Release|Any CPU.ActiveCfg = Release|Any CPU
		{10001251-6008-408A-A564-F882408E8BF6}.Release|Any CPU.Build.0 = Release|Any CPU
	EndGlobalSection
	GlobalSection(SolutionProperties) = preSolution
		HideSolutionNode = FALSE
	EndGlobalSection
	GlobalSection(ExtensibilityGlobals) = postSolution
		SolutionGuid = {2BC9EAFE-3E3F-43FC-A061-6F3A955FDB9A}
	EndGlobalSection
EndGlobal
